// !$*UTF8*$!
{
	archiveVersion = 1;
	classes = {
	};
	objectVersion = 46;
	objects = {

/* Begin PBXBuildFile section */
		F125F0DB1B93881400C0A638 /* RCPiBotViewController.swift in Sources */ = {isa = PBXBuildFile; fileRef = F125F0DA1B93881400C0A638 /* RCPiBotViewController.swift */; };
		F13C2F941B2A20F400E317B9 /* Observer.swift in Sources */ = {isa = PBXBuildFile; fileRef = F13C2F931B2A20F400E317B9 /* Observer.swift */; };
		F13C2F961B2A213D00E317B9 /* Constants.swift in Sources */ = {isa = PBXBuildFile; fileRef = F13C2F951B2A213D00E317B9 /* Constants.swift */; };
		F1BBE72B1B28741E00EC77F2 /* AppDelegate.swift in Sources */ = {isa = PBXBuildFile; fileRef = F1BBE72A1B28741E00EC77F2 /* AppDelegate.swift */; };
		F1BBE72D1B28741E00EC77F2 /* RCBoatViewController.swift in Sources */ = {isa = PBXBuildFile; fileRef = F1BBE72C1B28741E00EC77F2 /* RCBoatViewController.swift */; };
		F1BBE7301B28741E00EC77F2 /* Main.storyboard in Resources */ = {isa = PBXBuildFile; fileRef = F1BBE72E1B28741E00EC77F2 /* Main.storyboard */; };
		F1BBE7321B28741E00EC77F2 /* Assets.xcassets in Resources */ = {isa = PBXBuildFile; fileRef = F1BBE7311B28741E00EC77F2 /* Assets.xcassets */; };
		F1BBE7351B28741E00EC77F2 /* LaunchScreen.storyboard in Resources */ = {isa = PBXBuildFile; fileRef = F1BBE7331B28741E00EC77F2 /* LaunchScreen.storyboard */; };
		F1CCB02C1B2B61B3003B8593 /* HttpRequest.swift in Sources */ = {isa = PBXBuildFile; fileRef = F1CCB02B1B2B61B3003B8593 /* HttpRequest.swift */; };
		F1F9F2AB1B28D2210003652F /* Model.swift in Sources */ = {isa = PBXBuildFile; fileRef = F1F9F2AA1B28D2210003652F /* Model.swift */; };
/* End PBXBuildFile section */

/* Begin PBXFileReference section */
		F125F0DA1B93881400C0A638 /* RCPiBotViewController.swift */ = {isa = PBXFileReference; fileEncoding = 4; lastKnownFileType = sourcecode.swift; path = RCPiBotViewController.swift; sourceTree = "<group>"; };
		F13C2F931B2A20F400E317B9 /* Observer.swift */ = {isa = PBXFileReference; fileEncoding = 4; lastKnownFileType = sourcecode.swift; path = Observer.swift; sourceTree = "<group>"; };
		F13C2F951B2A213D00E317B9 /* Constants.swift */ = {isa = PBXFileReference; fileEncoding = 4; lastKnownFileType = sourcecode.swift; path = Constants.swift; sourceTree = "<group>"; };
		F1BBE7271B28741E00EC77F2 /* RC Vehicles.app */ = {isa = PBXFileReference; explicitFileType = wrapper.application; includeInIndex = 0; path = "RC Vehicles.app"; sourceTree = BUILT_PRODUCTS_DIR; };
		F1BBE72A1B28741E00EC77F2 /* AppDelegate.swift */ = {isa = PBXFileReference; lastKnownFileType = sourcecode.swift; path = AppDelegate.swift; sourceTree = "<group>"; };
		F1BBE72C1B28741E00EC77F2 /* RCBoatViewController.swift */ = {isa = PBXFileReference; lastKnownFileType = sourcecode.swift; path = RCBoatViewController.swift; sourceTree = "<group>"; };
		F1BBE72F1B28741E00EC77F2 /* Base */ = {isa = PBXFileReference; lastKnownFileType = file.storyboard; name = Base; path = Base.lproj/Main.storyboard; sourceTree = "<group>"; };
		F1BBE7311B28741E00EC77F2 /* Assets.xcassets */ = {isa = PBXFileReference; lastKnownFileType = folder.assetcatalog; path = Assets.xcassets; sourceTree = "<group>"; };
		F1BBE7341B28741E00EC77F2 /* Base */ = {isa = PBXFileReference; lastKnownFileType = file.storyboard; name = Base; path = Base.lproj/LaunchScreen.storyboard; sourceTree = "<group>"; };
		F1BBE7361B28741E00EC77F2 /* Info.plist */ = {isa = PBXFileReference; lastKnownFileType = text.plist.xml; path = Info.plist; sourceTree = "<group>"; };
		F1CCB02B1B2B61B3003B8593 /* HttpRequest.swift */ = {isa = PBXFileReference; fileEncoding = 4; lastKnownFileType = sourcecode.swift; path = HttpRequest.swift; sourceTree = "<group>"; };
		F1F9F2AA1B28D2210003652F /* Model.swift */ = {isa = PBXFileReference; fileEncoding = 4; lastKnownFileType = sourcecode.swift; path = Model.swift; sourceTree = "<group>"; };
/* End PBXFileReference section */

/* Begin PBXFrameworksBuildPhase section */
		F1BBE7241B28741E00EC77F2 /* Frameworks */ = {
			isa = PBXFrameworksBuildPhase;
			buildActionMask = 2147483647;
			files = (
			);
			runOnlyForDeploymentPostprocessing = 0;
		};
/* End PBXFrameworksBuildPhase section */

/* Begin PBXGroup section */
		F1BBE71E1B28741E00EC77F2 = {
			isa = PBXGroup;
			children = (
				F1BBE7291B28741E00EC77F2 /* RCBoat */,
				F1BBE7281B28741E00EC77F2 /* Products */,
			);
			sourceTree = "<group>";
		};
		F1BBE7281B28741E00EC77F2 /* Products */ = {
			isa = PBXGroup;
			children = (
				F1BBE7271B28741E00EC77F2 /* RC Vehicles.app */,
			);
			name = Products;
			sourceTree = "<group>";
		};
		F1BBE7291B28741E00EC77F2 /* RCBoat */ = {
			isa = PBXGroup;
			children = (
				F1BBE72A1B28741E00EC77F2 /* AppDelegate.swift */,
				F1CCB02B1B2B61B3003B8593 /* HttpRequest.swift */,
				F1BBE72C1B28741E00EC77F2 /* RCBoatViewController.swift */,
				F1BBE72E1B28741E00EC77F2 /* Main.storyboard */,
				F1BBE7311B28741E00EC77F2 /* Assets.xcassets */,
				F1BBE7331B28741E00EC77F2 /* LaunchScreen.storyboard */,
				F1BBE7361B28741E00EC77F2 /* Info.plist */,
				F1F9F2AA1B28D2210003652F /* Model.swift */,
				F13C2F931B2A20F400E317B9 /* Observer.swift */,
				F13C2F951B2A213D00E317B9 /* Constants.swift */,
				F125F0DA1B93881400C0A638 /* RCPiBotViewController.swift */,
			);
			path = RCBoat;
			sourceTree = "<group>";
		};
/* End PBXGroup section */

/* Begin PBXNativeTarget section */
		F1BBE7261B28741E00EC77F2 /* RC Vehicles */ = {
			isa = PBXNativeTarget;
			buildConfigurationList = F1BBE7391B28741E00EC77F2 /* Build configuration list for PBXNativeTarget "RC Vehicles" */;
			buildPhases = (
				F1BBE7231B28741E00EC77F2 /* Sources */,
				F1BBE7241B28741E00EC77F2 /* Frameworks */,
				F1BBE7251B28741E00EC77F2 /* Resources */,
			);
			buildRules = (
			);
			dependencies = (
			);
			name = "RC Vehicles";
			productName = RCBoat;
			productReference = F1BBE7271B28741E00EC77F2 /* RC Vehicles.app */;
			productType = "com.apple.product-type.application";
		};
/* End PBXNativeTarget section */

/* Begin PBXProject section */
		F1BBE71F1B28741E00EC77F2 /* Project object */ = {
			isa = PBXProject;
			attributes = {
				LastSwiftMigration = 0710;
				LastSwiftUpdateCheck = 0710;
				LastUpgradeCheck = 0700;
				ORGANIZATIONNAME = "Philipp Jenke";
				TargetAttributes = {
					F1BBE7261B28741E00EC77F2 = {
						CreatedOnToolsVersion = 7.0;
						DevelopmentTeam = KB8295DW44;
					};
				};
			};
			buildConfigurationList = F1BBE7221B28741E00EC77F2 /* Build configuration list for PBXProject "RC Vehicles" */;
			compatibilityVersion = "Xcode 3.2";
			developmentRegion = English;
			hasScannedForEncodings = 0;
			knownRegions = (
				en,
				Base,
			);
			mainGroup = F1BBE71E1B28741E00EC77F2;
			productRefGroup = F1BBE7281B28741E00EC77F2 /* Products */;
			projectDirPath = "";
			projectRoot = "";
			targets = (
				F1BBE7261B28741E00EC77F2 /* RC Vehicles */,
			);
		};
/* End PBXProject section */

/* Begin PBXResourcesBuildPhase section */
		F1BBE7251B28741E00EC77F2 /* Resources */ = {
			isa = PBXResourcesBuildPhase;
			buildActionMask = 2147483647;
			files = (
				F1BBE7351B28741E00EC77F2 /* LaunchScreen.storyboard in Resources */,
				F1BBE7321B28741E00EC77F2 /* Assets.xcassets in Resources */,
				F1BBE7301B28741E00EC77F2 /* Main.storyboard in Resources */,
			);
			runOnlyForDeploymentPostprocessing = 0;
		};
/* End PBXResourcesBuildPhase section */

/* Begin PBXSourcesBuildPhase section */
		F1BBE7231B28741E00EC77F2 /* Sources */ = {
			isa = PBXSourcesBuildPhase;
			buildActionMask = 2147483647;
			files = (
				F13C2F961B2A213D00E317B9 /* Constants.swift in Sources */,
				F1F9F2AB1B28D2210003652F /* Model.swift in Sources */,
				F13C2F941B2A20F400E317B9 /* Observer.swift in Sources */,
				F1BBE72D1B28741E00EC77F2 /* RCBoatViewController.swift in Sources */,
				F1BBE72B1B28741E00EC77F2 /* AppDelegate.swift in Sources */,
				F1CCB02C1B2B61B3003B8593 /* HttpRequest.swift in Sources */,
				F125F0DB1B93881400C0A638 /* RCPiBotViewController.swift in Sources */,
			);
			runOnlyForDeploymentPostprocessing = 0;
		};
/* End PBXSourcesBuildPhase section */

/* Begin PBXVariantGroup section */
		F1BBE72E1B28741E00EC77F2 /* Main.storyboard */ = {
			isa = PBXVariantGroup;
			children = (
				F1BBE72F1B28741E00EC77F2 /* Base */,
			);
			name = Main.storyboard;
			sourceTree = "<group>";
		};
		F1BBE7331B28741E00EC77F2 /* LaunchScreen.storyboard */ = {
			isa = PBXVariantGroup;
			children = (
				F1BBE7341B28741E00EC77F2 /* Base */,
			);
			name = LaunchScreen.storyboard;
			sourceTree = "<group>";
		};
/* End PBXVariantGroup section */

/* Begin XCBuildConfiguration section */
		F1BBE7371B28741E00EC77F2 /* Debug */ = {
			isa = XCBuildConfiguration;
			buildSettings = {
				ALWAYS_SEARCH_USER_PATHS = NO;
				CLANG_CXX_LANGUAGE_STANDARD = "gnu++0x";
				CLANG_CXX_LIBRARY = "libc++";
				CLANG_ENABLE_MODULES = YES;
				CLANG_ENABLE_OBJC_ARC = YES;
				CLANG_WARN_BOOL_CONVERSION = YES;
				CLANG_WARN_CONSTANT_CONVERSION = YES;
				CLANG_WARN_DIRECT_OBJC_ISA_USAGE = YES_ERROR;
				CLANG_WARN_EMPTY_BODY = YES;
				CLANG_WARN_ENUM_CONVERSION = YES;
				CLANG_WARN_INT_CONVERSION = YES;
				CLANG_WARN_OBJC_ROOT_CLASS = YES_ERROR;
				CLANG_WARN_UNREACHABLE_CODE = YES;
				CLANG_WARN__DUPLICATE_METHOD_MATCH = YES;
				"CODE_SIGN_IDENTITY[sdk=iphoneos*]" = "iPhone Developer";
				COPY_PHASE_STRIP = NO;
				DEBUG_INFORMATION_FORMAT = dwarf;
				ENABLE_STRICT_OBJC_MSGSEND = YES;
				ENABLE_TESTABILITY = YES;
				GCC_C_LANGUAGE_STANDARD = gnu99;
				GCC_DYNAMIC_NO_PIC = NO;
				GCC_NO_COMMON_BLOCKS = YES;
				GCC_OPTIMIZATION_LEVEL = 0;
				GCC_PREPROCESSOR_DEFINITIONS = (
					"DEBUG=1",
					"$(inherited)",
				);
				GCC_WARN_64_TO_32_BIT_CONVERSION = YES;
				GCC_WARN_ABOUT_RETURN_TYPE = YES_ERROR;
				GCC_WARN_UNDECLARED_SELECTOR = YES;
				GCC_WARN_UNINITIALIZED_AUTOS = YES_AGGRESSIVE;
				GCC_WARN_UNUSED_FUNCTION = YES;
				GCC_WARN_UNUSED_VARIABLE = YES;
				IPHONEOS_DEPLOYMENT_TARGET = 9.0;
				MTL_ENABLE_DEBUG_INFO = YES;
				ONLY_ACTIVE_ARCH = YES;
				SDKROOT = iphoneos;
				SWIFT_OPTIMIZATION_LEVEL = "-Onone";
				TARGETED_DEVICE_FAMILY = "1,2";
			};
			name = Debug;
		};
		F1BBE7381B28741E00EC77F2 /* Release */ = {
			isa = XCBuildConfiguration;
			buildSettings = {
				ALWAYS_SEARCH_USER_PATHS = NO;
				CLANG_CXX_LANGUAGE_STANDARD = "gnu++0x";
				CLANG_CXX_LIBRARY = "libc++";
				CLANG_ENABLE_MODULES = YES;
				CLANG_ENABLE_OBJC_ARC = YES;
				CLANG_WARN_BOOL_CONVERSION = YES;
				CLANG_WARN_CONSTANT_CONVERSION = YES;
				CLANG_WARN_DIRECT_OBJC_ISA_USAGE = YES_ERROR;
				CLANG_WARN_EMPTY_BODY = YES;
				CLANG_WARN_ENUM_CONVERSION = YES;
				CLANG_WARN_INT_CONVERSION = YES;
				CLANG_WARN_OBJC_ROOT_CLASS = YES_ERROR;
				CLANG_WARN_UNREACHABLE_CODE = YES;
				CLANG_WARN__DUPLICATE_METHOD_MATCH = YES;
				"CODE_SIGN_IDENTITY[sdk=iphoneos*]" = "iPhone Developer";
				COPY_PHASE_STRIP = NO;
				DEBUG_INFORMATION_FORMAT = "dwarf-with-dsym";
				ENABLE_NS_ASSERTIONS = NO;
				ENABLE_STRICT_OBJC_MSGSEND = YES;
				GCC_C_LANGUAGE_STANDARD = gnu99;
				GCC_NO_COMMON_BLOCKS = YES;
				GCC_WARN_64_TO_32_BIT_CONVERSION = YES;
				GCC_WARN_ABOUT_RETURN_TYPE = YES_ERROR;
				GCC_WARN_UNDECLARED_SELECTOR = YES;
				GCC_WARN_UNINITIALIZED_AUTOS = YES_AGGRESSIVE;
				GCC_WARN_UNUSED_FUNCTION = YES;
				GCC_WARN_UNUSED_VARIABLE = YES;
				IPHONEOS_DEPLOYMENT_TARGET = 9.0;
				MTL_ENABLE_DEBUG_INFO = NO;
				SDKROOT = iphoneos;
				TARGETED_DEVICE_FAMILY = "1,2";
				VALIDATE_PRODUCT = YES;
			};
			name = Release;
		};
		F1BBE73A1B28741E00EC77F2 /* Debug */ = {
			isa = XCBuildConfiguration;
			buildSettings = {
				ASSETCATALOG_COMPILER_APPICON_NAME = AppIcon;
				CODE_SIGN_IDENTITY = "iPhone Developer";
				"CODE_SIGN_IDENTITY[sdk=iphoneos*]" = "iPhone Developer";
				INFOPLIST_FILE = RCBoat/Info.plist;
				IPHONEOS_DEPLOYMENT_TARGET = 8.4;
				LD_RUNPATH_SEARCH_PATHS = "$(inherited) @executable_path/Frameworks";
				PRODUCT_BUNDLE_IDENTIFIER = philipp.jenke.RCBoat;
				PRODUCT_NAME = "RC Vehicles";
				PROVISIONING_PROFILE = "";
				TARGETED_DEVICE_FAMILY = "1,2";
			};
			name = Debug;
		};
		F1BBE73B1B28741E00EC77F2 /* Release */ = {
			isa = XCBuildConfiguration;
			buildSettings = {
				ASSETCATALOG_COMPILER_APPICON_NAME = AppIcon;
				CODE_SIGN_IDENTITY = "iPhone Developer";
				"CODE_SIGN_IDENTITY[sdk=iphoneos*]" = "iPhone Developer";
				INFOPLIST_FILE = RCBoat/Info.plist;
				IPHONEOS_DEPLOYMENT_TARGET = 8.4;
				LD_RUNPATH_SEARCH_PATHS = "$(inherited) @executable_path/Frameworks";
				PRODUCT_BUNDLE_IDENTIFIER = philipp.jenke.RCBoat;
				PRODUCT_NAME = "RC Vehicles";
				PROVISIONING_PROFILE = "";
				TARGETED_DEVICE_FAMILY = "1,2";
			};
			name = Release;
		};
/* End XCBuildConfiguration section */

/* Begin XCConfigurationList section */
		F1BBE7221B28741E00EC77F2 /* Build configuration list for PBXProject "RC Vehicles" */ = {
			isa = XCConfigurationList;
			buildConfigurations = (
				F1BBE7371B28741E00EC77F2 /* Debug */,
				F1BBE7381B28741E00EC77F2 /* Release */,
			);
			defaultConfigurationIsVisible = 0;
			defaultConfigurationName = Release;
		};
		F1BBE7391B28741E00EC77F2 /* Build configuration list for PBXNativeTarget "RC Vehicles" */ = {
			isa = XCConfigurationList;
			buildConfigurations = (
				F1BBE73A1B28741E00EC77F2 /* Debug */,
				F1BBE73B1B28741E00EC77F2 /* Release */,
			);
			defaultConfigurationIsVisible = 0;
			defaultConfigurationName = Release;
		};
/* End XCConfigurationList section */
	};
	rootObject = F1BBE71F1B28741E00EC77F2 /* Project object */;
}
